
Microsoft Visual Studio Solution File, Format Version 12.00
# Visual Studio Version 17
VisualStudioVersion = 17.1.32407.343
MinimumVisualStudioVersion = 10.0.40219.1
Project("{FAE04EC0-301F-11D3-BF4B-00C04F79EFBC}") = "Unit4Lab2_CircleLab", "Unit4Lab2_CircleLab\Unit4Lab2_CircleLab.csproj", "{B140FC38-88D0-4584-AF82-98CEB7ECB79E}"
EndProject
Global
	GlobalSection(SolutionConfigurationPlatforms) = preSolution
		Debug|Any CPU = Debug|Any CPU
		Release|Any CPU = Release|Any CPU
	EndGlobalSection
	GlobalSection(ProjectConfigurationPlatforms) = postSolution
		{B140FC38-88D0-4584-AF82-98CEB7ECB79E}.Debug|Any CPU.ActiveCfg = Debug|Any CPU
		{B140FC38-88D0-4584-AF82-98CEB7ECB79E}.Debug|Any CPU.Build.0 = Debug|Any CPU
		{B140FC38-88D0-4584-AF82-98CEB7ECB79E}.Release|Any CPU.ActiveCfg = Release|Any CPU
		{B140FC38-88D0-4584-AF82-98CEB7ECB79E}.Release|Any CPU.Build.0 = Release|Any CPU
	EndGlobalSection
	GlobalSection(SolutionProperties) = preSolution
		HideSolutionNode = FALSE
	EndGlobalSection
	GlobalSection(ExtensibilityGlobals) = postSolution
		SolutionGuid = {F58284C8-3DA4-448C-AC28-D0C42D29FFC9}
	EndGlobalSection
EndGlobal
